# THIS IS AN AUTOGENERATED FILE. DO NOT EDIT THIS FILE DIRECTLY.
# yarn lockfile v1


font-awesome@^4.7.0:
  version "4.7.0"
  resolved "https://registry.yarnpkg.com/font-awesome/-/font-awesome-4.7.0.tgz#8fa8cf0411a1a31afd07b06d2902bb9fc815a133"

jquery.scrollex@^0.2.1:
  version "0.2.1"
  resolved "https://registry.yarnpkg.com/jquery.scrollex/-/jquery.scrollex-0.2.1.tgz#c03ce02de7bf514890a8590d9ff55f084dd5936d"
  dependencies:
    jquery ">=1.11"

jquery.scrolly@^0.0.1:
  version "0.0.1"
  resolved "https://registry.yarnpkg.com/jquery.scrolly/-/jquery.scrolly-0.0.1.tgz#08e0778674317299fbded19f12506c049f744e57"

jquery@>=1.11:
  version "3.3.1"
  resolved "https://registry.yarnpkg.com/jquery/-/jquery-3.3.1.tgz#958ce29e81c9790f31be7792df5d4d95fc57fbca"

jquery@~>3.0.0:
  version "3.0.0"
  resolved "https://registry.yarnpkg.com/jquery/-/jquery-3.0.0.tgz#95a2a9541291a9f819e016f85ba247116d03e4ab"

skel-framework-npm@^1.0.1:
  version "1.0.1"
  resolved "https://registry.yarnpkg.com/skel-framework-npm/-/skel-framework-npm-1.0.1.tgz#0bcca6761874015f82851bbaf937b47d49b63777"
